{
    "name": "the-raytracer-challenge",
    "version": "1.0.0",
    "lockfileVersion": 2,
    "requires": true,
    "packages": {
        "": {
            "name": "the-raytracer-challenge",
            "version": "1.0.0",
            "license": "MIT",
            "workspaces": [
                "./raytracer",
                "./spikes",
                "./raytracer-gui"
            ]
        },
        "node_modules/raytracer": {
            "resolved": "raytracer",
            "link": true
        },
        "node_modules/raytracer-gui": {
            "resolved": "raytracer-gui",
            "link": true
        },
        "node_modules/spikes": {
            "resolved": "spikes",
            "link": true
        },
        "raytracer": {
            "version": "1.0.0",
            "license": "ISC"
        },
        "raytracer-gui": {
            "version": "1.0.0",
            "license": "ISC",
            "dependencies": {
                "raytracer": "*"
            }
        },
        "spikes": {
            "version": "1.0.0",
            "license": "ISC",
            "dependencies": {
                "@types/node": "^16.3.3",
                "raytracer": "*"
            }
        },
        "spikes/node_modules/@types/node": {
            "version": "16.7.1",
            "license": "MIT"
        }
    },
    "dependencies": {
        "raytracer": {
            "version": "file:raytracer"
        },
        "raytracer-gui": {
            "version": "file:raytracer-gui",
            "requires": {
                "raytracer": "*"
            }
        },
        "spikes": {
            "version": "file:spikes",
            "requires": {
                "@types/node": "^16.3.3",
                "raytracer": "*"
            },
            "dependencies": {
                "@types/node": {
                    "version": "16.7.1"
                }
            }
        }
    }
}
